
Microsoft Visual Studio Solution File, Format Version 12.00
# Visual Studio 14
VisualStudioVersion = 14.0.23107.0
MinimumVisualStudioVersion = 10.0.40219.1
Project("{FAE04EC0-301F-11D3-BF4B-00C04F79EFBC}") = "ExerciceMultiplications", "ExerciceMultiplications\ExerciceMultiplications.csproj", "{08B29233-52DB-4B52-9F02-23C9038C8BD6}"
EndProject
Project("{FAE04EC0-301F-11D3-BF4B-00C04F79EFBC}") = "ExerciceMultiplications.MVVM", "ExerciceMultiplications.MVVM\ExerciceMultiplications.MVVM.csproj", "{0D5CD985-B600-4348-968E-DE0E883CCEEE}"
EndProject
Global
	GlobalSection(SolutionConfigurationPlatforms) = preSolution
		Debug|x86 = Debug|x86
		Release|x86 = Release|x86
	EndGlobalSection
	GlobalSection(ProjectConfigurationPlatforms) = postSolution
		{08B29233-52DB-4B52-9F02-23C9038C8BD6}.Debug|x86.ActiveCfg = Debug|x86
		{08B29233-52DB-4B52-9F02-23C9038C8BD6}.Debug|x86.Build.0 = Debug|x86
		{08B29233-52DB-4B52-9F02-23C9038C8BD6}.Release|x86.ActiveCfg = Release|x86
		{08B29233-52DB-4B52-9F02-23C9038C8BD6}.Release|x86.Build.0 = Release|x86
		{0D5CD985-B600-4348-968E-DE0E883CCEEE}.Debug|x86.ActiveCfg = Debug|x86
		{0D5CD985-B600-4348-968E-DE0E883CCEEE}.Debug|x86.Build.0 = Debug|x86
		{0D5CD985-B600-4348-968E-DE0E883CCEEE}.Release|x86.ActiveCfg = Release|x86
		{0D5CD985-B600-4348-968E-DE0E883CCEEE}.Release|x86.Build.0 = Release|x86
	EndGlobalSection
	GlobalSection(SolutionProperties) = preSolution
		HideSolutionNode = FALSE
	EndGlobalSection
EndGlobal
